{
  "name": "truck-game",
  "version": "1.0.0",
  "lockfileVersion": 1,
  "requires": true,
  "dependencies": {
    "kontra": {
      "version": "7.3.1",
      "resolved": "https://registry.npmjs.org/kontra/-/kontra-7.3.1.tgz",
      "integrity": "sha512-Qv8VzxI9GIpQi7u+2GtAggpstSvByB0lqfuksoOiGMdjBRM6do+I4v5OJhWX/q2d9PIW9PGgdk7j+vN53SpqIQ=="
    }
  }
}
